
Microsoft Visual Studio Solution File, Format Version 12.00
# Visual Studio Version 16
VisualStudioVersion = 16.0.32126.315
MinimumVisualStudioVersion = 10.0.40219.1
Project("{FAE04EC0-301F-11D3-BF4B-00C04F79EFBC}") = "DataCrud.DBOps.Core", "DataCrud.DBOps.Core\DataCrud.DBOps.Core.csproj", "{9B72F4FD-0A1F-437D-9A6A-3F7A5E9E8D1A}"
EndProject
Project("{FAE04EC0-301F-11D3-BF4B-00C04F79EFBC}") = "DataCrud.DBOps.AspNetCore", "DataCrud.DBOps.AspNetCore\DataCrud.DBOps.AspNetCore.csproj", "{A4B2C3D4-E5F6-4A1B-8C9D-0E1F2A3B4C5D}"
EndProject
Project("{FAE04EC0-301F-11D3-BF4B-00C04F79EFBC}") = "DataCrud.DBOps.AspNet", "DataCrud.DBOps.AspNet\DataCrud.DBOps.AspNet.csproj", "{B5C3D4E5-F6A7-4B2C-9D0E-1F2A3B4C5D6E}"
EndProject
Project("{FAE04EC0-301F-11D3-BF4B-00C04F79EFBC}") = "DataCrud.DBOps.Shared", "DataCrud.DBOps.Shared\DataCrud.DBOps.Shared.csproj", "{665A6ED4-1E22-4DE2-98C8-13C71B1FEB76}"
EndProject
Project("{FAE04EC0-301F-11D3-BF4B-00C04F79EFBC}") = "DataCrud.DBOps.Zipper", "DataCrud.DBOps.Zipper\DataCrud.DBOps.Zipper.csproj", "{71CBA92E-DA5C-42CD-AA06-01E4508CBB21}"
EndProject
Project("{FAE04EC0-301F-11D3-BF4B-00C04F79EFBC}") = "DataCrud.DBOps.AzurePush", "DataCrud.DBOps.AzurePush\DataCrud.DBOps.AzurePush.csproj", "{64478AB9-236B-4035-99C9-1E67F6EBF71A}"
EndProject
Project("{FAE04EC0-301F-11D3-BF4B-00C04F79EFBC}") = "DataCrud.DBOps.Maintenance", "DataCrud.DBOps.Maintenance\DataCrud.DBOps.Maintenance.csproj", "{AF4216D3-CACF-4A17-837D-A67134465F9B}"
EndProject
Project("{FAE04EC0-301F-11D3-BF4B-00C04F79EFBC}") = "DataCrud.DBOps.Backup", "DataCrud.DBOps.Backup\DataCrud.DBOps.Backup.csproj", "{F319A8EB-D421-4C08-BECA-155F4DCAC1A2}"
EndProject
Project("{FAE04EC0-301F-11D3-BF4B-00C04F79EFBC}") = "DataCrud.DBOps.AwsPush", "DataCrud.DBOps.AwsPush\DataCrud.DBOps.AwsPush.csproj", "{C99828C4-B892-487D-99BC-6D3B6DB48A10}"
EndProject
Project("{FAE04EC0-301F-11D3-BF4B-00C04F79EFBC}") = "DataCrud.DBOps.SqlServer", "DataCrud.DBOps.SqlServer\DataCrud.DBOps.SqlServer.csproj", "{E6D1C1B1-C1A1-4B4B-9B9B-8B8B7B7B6B6B}"
EndProject
Project("{FAE04EC0-301F-11D3-BF4B-00C04F79EFBC}") = "DataCrud.DBOps.Postgres", "DataCrud.DBOps.Postgres\DataCrud.DBOps.Postgres.csproj", "{89E2F1FA-3518-4A05-81A5-F65526FC6621}"
EndProject
Project("{FAE04EC0-301F-11D3-BF4B-00C04F79EFBC}") = "DataCrud.DBOps.MySql", "DataCrud.DBOps.MySql\DataCrud.DBOps.MySql.csproj", "{DC5AB2CF-F434-4D63-AE6D-89B789D32A0D}"
EndProject
Project("{FAE04EC0-301F-11D3-BF4B-00C04F79EFBC}") = "DataCrud.DBOps.MongoDb", "DataCrud.DBOps.MongoDb\DataCrud.DBOps.MongoDb.csproj", "{2032EE47-0FEE-4FA6-8E38-249800F81416}"
EndProject
Project("{FAE04EC0-301F-11D3-BF4B-00C04F79EFBC}") = "DataCrud.DBOps.Oracle", "DataCrud.DBOps.Oracle\DataCrud.DBOps.Oracle.csproj", "{6C60E467-641E-4117-9DB6-517BAB396CFD}"
EndProject
Project("{FAE04EC0-301F-11D3-BF4B-00C04F79EFBC}") = "DataCrud.DBOps.Tests", "DataCrud.DBOps.Tests\DataCrud.DBOps.Tests.csproj", "{4839B25C-DD61-4B80-A170-410D2E8615E1}"
EndProject
Project("{2150E333-8FDC-42A3-9474-1A3956D46DE8}") = "Samples", "Samples", "{5D20AA90-6969-D8BD-9DCD-8634F4692FDA}"
EndProject
Project("{FAE04EC0-301F-11D3-BF4B-00C04F79EFBC}") = "DataCrud.DBOps.Sample", "Samples\DataCrud.DBOps.Sample\DataCrud.DBOps.Sample.csproj", "{B21CA97E-2FE8-4960-A6F1-A6B26C158322}"
EndProject
Global
	GlobalSection(SolutionConfigurationPlatforms) = preSolution
		Debug|Any CPU = Debug|Any CPU
		Debug|x64 = Debug|x64
		Debug|x86 = Debug|x86
		Release|Any CPU = Release|Any CPU
		Release|x64 = Release|x64
		Release|x86 = Release|x86
	EndGlobalSection
	GlobalSection(ProjectConfigurationPlatforms) = postSolution
		{9B72F4FD-0A1F-437D-9A6A-3F7A5E9E8D1A}.Debug|Any CPU.ActiveCfg = Debug|Any CPU
		{9B72F4FD-0A1F-437D-9A6A-3F7A5E9E8D1A}.Debug|Any CPU.Build.0 = Debug|Any CPU
		{9B72F4FD-0A1F-437D-9A6A-3F7A5E9E8D1A}.Debug|x64.ActiveCfg = Debug|Any CPU
		{9B72F4FD-0A1F-437D-9A6A-3F7A5E9E8D1A}.Debug|x64.Build.0 = Debug|Any CPU
		{9B72F4FD-0A1F-437D-9A6A-3F7A5E9E8D1A}.Debug|x86.ActiveCfg = Debug|Any CPU
		{9B72F4FD-0A1F-437D-9A6A-3F7A5E9E8D1A}.Debug|x86.Build.0 = Debug|Any CPU
		{9B72F4FD-0A1F-437D-9A6A-3F7A5E9E8D1A}.Release|Any CPU.ActiveCfg = Release|Any CPU
		{9B72F4FD-0A1F-437D-9A6A-3F7A5E9E8D1A}.Release|Any CPU.Build.0 = Release|Any CPU
		{9B72F4FD-0A1F-437D-9A6A-3F7A5E9E8D1A}.Release|x64.ActiveCfg = Release|Any CPU
		{9B72F4FD-0A1F-437D-9A6A-3F7A5E9E8D1A}.Release|x64.Build.0 = Release|Any CPU
		{9B72F4FD-0A1F-437D-9A6A-3F7A5E9E8D1A}.Release|x86.ActiveCfg = Release|Any CPU
		{9B72F4FD-0A1F-437D-9A6A-3F7A5E9E8D1A}.Release|x86.Build.0 = Release|Any CPU
		{A4B2C3D4-E5F6-4A1B-8C9D-0E1F2A3B4C5D}.Debug|Any CPU.ActiveCfg = Debug|Any CPU
		{A4B2C3D4-E5F6-4A1B-8C9D-0E1F2A3B4C5D}.Debug|Any CPU.Build.0 = Debug|Any CPU
		{A4B2C3D4-E5F6-4A1B-8C9D-0E1F2A3B4C5D}.Debug|x64.ActiveCfg = Debug|Any CPU
		{A4B2C3D4-E5F6-4A1B-8C9D-0E1F2A3B4C5D}.Debug|x64.Build.0 = Debug|Any CPU
		{A4B2C3D4-E5F6-4A1B-8C9D-0E1F2A3B4C5D}.Debug|x86.ActiveCfg = Debug|Any CPU
		{A4B2C3D4-E5F6-4A1B-8C9D-0E1F2A3B4C5D}.Debug|x86.Build.0 = Debug|Any CPU
		{A4B2C3D4-E5F6-4A1B-8C9D-0E1F2A3B4C5D}.Release|Any CPU.ActiveCfg = Release|Any CPU
		{A4B2C3D4-E5F6-4A1B-8C9D-0E1F2A3B4C5D}.Release|Any CPU.Build.0 = Release|Any CPU
		{A4B2C3D4-E5F6-4A1B-8C9D-0E1F2A3B4C5D}.Release|x64.ActiveCfg = Release|Any CPU
		{A4B2C3D4-E5F6-4A1B-8C9D-0E1F2A3B4C5D}.Release|x64.Build.0 = Release|Any CPU
		{A4B2C3D4-E5F6-4A1B-8C9D-0E1F2A3B4C5D}.Release|x86.ActiveCfg = Release|Any CPU
		{A4B2C3D4-E5F6-4A1B-8C9D-0E1F2A3B4C5D}.Release|x86.Build.0 = Release|Any CPU
		{B5C3D4E5-F6A7-4B2C-9D0E-1F2A3B4C5D6E}.Debug|Any CPU.ActiveCfg = Debug|Any CPU
		{B5C3D4E5-F6A7-4B2C-9D0E-1F2A3B4C5D6E}.Debug|Any CPU.Build.0 = Debug|Any CPU
		{B5C3D4E5-F6A7-4B2C-9D0E-1F2A3B4C5D6E}.Debug|x64.ActiveCfg = Debug|Any CPU
		{B5C3D4E5-F6A7-4B2C-9D0E-1F2A3B4C5D6E}.Debug|x64.Build.0 = Debug|Any CPU
		{B5C3D4E5-F6A7-4B2C-9D0E-1F2A3B4C5D6E}.Debug|x86.ActiveCfg = Debug|Any CPU
		{B5C3D4E5-F6A7-4B2C-9D0E-1F2A3B4C5D6E}.Debug|x86.Build.0 = Debug|Any CPU
		{B5C3D4E5-F6A7-4B2C-9D0E-1F2A3B4C5D6E}.Release|Any CPU.ActiveCfg = Release|Any CPU
		{B5C3D4E5-F6A7-4B2C-9D0E-1F2A3B4C5D6E}.Release|Any CPU.Build.0 = Release|Any CPU
		{B5C3D4E5-F6A7-4B2C-9D0E-1F2A3B4C5D6E}.Release|x64.ActiveCfg = Release|Any CPU
		{B5C3D4E5-F6A7-4B2C-9D0E-1F2A3B4C5D6E}.Release|x64.Build.0 = Release|Any CPU
		{B5C3D4E5-F6A7-4B2C-9D0E-1F2A3B4C5D6E}.Release|x86.ActiveCfg = Release|Any CPU
		{B5C3D4E5-F6A7-4B2C-9D0E-1F2A3B4C5D6E}.Release|x86.Build.0 = Release|Any CPU
		{665A6ED4-1E22-4DE2-98C8-13C71B1FEB76}.Debug|Any CPU.ActiveCfg = Debug|Any CPU
		{665A6ED4-1E22-4DE2-98C8-13C71B1FEB76}.Debug|Any CPU.Build.0 = Debug|Any CPU
		{665A6ED4-1E22-4DE2-98C8-13C71B1FEB76}.Debug|x64.ActiveCfg = Debug|Any CPU
		{665A6ED4-1E22-4DE2-98C8-13C71B1FEB76}.Debug|x64.Build.0 = Debug|Any CPU
		{665A6ED4-1E22-4DE2-98C8-13C71B1FEB76}.Debug|x86.ActiveCfg = Debug|Any CPU
		{665A6ED4-1E22-4DE2-98C8-13C71B1FEB76}.Debug|x86.Build.0 = Debug|Any CPU
		{665A6ED4-1E22-4DE2-98C8-13C71B1FEB76}.Release|Any CPU.ActiveCfg = Release|Any CPU
		{665A6ED4-1E22-4DE2-98C8-13C71B1FEB76}.Release|Any CPU.Build.0 = Release|Any CPU
		{665A6ED4-1E22-4DE2-98C8-13C71B1FEB76}.Release|x64.ActiveCfg = Release|Any CPU
		{665A6ED4-1E22-4DE2-98C8-13C71B1FEB76}.Release|x64.Build.0 = Release|Any CPU
		{665A6ED4-1E22-4DE2-98C8-13C71B1FEB76}.Release|x86.ActiveCfg = Release|Any CPU
		{665A6ED4-1E22-4DE2-98C8-13C71B1FEB76}.Release|x86.Build.0 = Release|Any CPU
		{71CBA92E-DA5C-42CD-AA06-01E4508CBB21}.Debug|Any CPU.ActiveCfg = Debug|Any CPU
		{71CBA92E-DA5C-42CD-AA06-01E4508CBB21}.Debug|Any CPU.Build.0 = Debug|Any CPU
		{71CBA92E-DA5C-42CD-AA06-01E4508CBB21}.Debug|x64.ActiveCfg = Debug|Any CPU
		{71CBA92E-DA5C-42CD-AA06-01E4508CBB21}.Debug|x64.Build.0 = Debug|Any CPU
		{71CBA92E-DA5C-42CD-AA06-01E4508CBB21}.Debug|x86.ActiveCfg = Debug|Any CPU
		{71CBA92E-DA5C-42CD-AA06-01E4508CBB21}.Debug|x86.Build.0 = Debug|Any CPU
		{71CBA92E-DA5C-42CD-AA06-01E4508CBB21}.Release|Any CPU.ActiveCfg = Release|Any CPU
		{71CBA92E-DA5C-42CD-AA06-01E4508CBB21}.Release|Any CPU.Build.0 = Release|Any CPU
		{71CBA92E-DA5C-42CD-AA06-01E4508CBB21}.Release|x64.ActiveCfg = Release|Any CPU
		{71CBA92E-DA5C-42CD-AA06-01E4508CBB21}.Release|x64.Build.0 = Release|Any CPU
		{71CBA92E-DA5C-42CD-AA06-01E4508CBB21}.Release|x86.ActiveCfg = Release|Any CPU
		{71CBA92E-DA5C-42CD-AA06-01E4508CBB21}.Release|x86.Build.0 = Release|Any CPU
		{64478AB9-236B-4035-99C9-1E67F6EBF71A}.Debug|Any CPU.ActiveCfg = Debug|Any CPU
		{64478AB9-236B-4035-99C9-1E67F6EBF71A}.Debug|Any CPU.Build.0 = Debug|Any CPU
		{64478AB9-236B-4035-99C9-1E67F6EBF71A}.Debug|x64.ActiveCfg = Debug|Any CPU
		{64478AB9-236B-4035-99C9-1E67F6EBF71A}.Debug|x64.Build.0 = Debug|Any CPU
		{64478AB9-236B-4035-99C9-1E67F6EBF71A}.Debug|x86.ActiveCfg = Debug|Any CPU
		{64478AB9-236B-4035-99C9-1E67F6EBF71A}.Debug|x86.Build.0 = Debug|Any CPU
		{64478AB9-236B-4035-99C9-1E67F6EBF71A}.Release|Any CPU.ActiveCfg = Release|Any CPU
		{64478AB9-236B-4035-99C9-1E67F6EBF71A}.Release|Any CPU.Build.0 = Release|Any CPU
		{64478AB9-236B-4035-99C9-1E67F6EBF71A}.Release|x64.ActiveCfg = Release|Any CPU
		{64478AB9-236B-4035-99C9-1E67F6EBF71A}.Release|x64.Build.0 = Release|Any CPU
		{64478AB9-236B-4035-99C9-1E67F6EBF71A}.Release|x86.ActiveCfg = Release|Any CPU
		{64478AB9-236B-4035-99C9-1E67F6EBF71A}.Release|x86.Build.0 = Release|Any CPU
		{AF4216D3-CACF-4A17-837D-A67134465F9B}.Debug|Any CPU.ActiveCfg = Debug|Any CPU
		{AF4216D3-CACF-4A17-837D-A67134465F9B}.Debug|Any CPU.Build.0 = Debug|Any CPU
		{AF4216D3-CACF-4A17-837D-A67134465F9B}.Debug|x64.ActiveCfg = Debug|Any CPU
		{AF4216D3-CACF-4A17-837D-A67134465F9B}.Debug|x64.Build.0 = Debug|Any CPU
		{AF4216D3-CACF-4A17-837D-A67134465F9B}.Debug|x86.ActiveCfg = Debug|Any CPU
		{AF4216D3-CACF-4A17-837D-A67134465F9B}.Debug|x86.Build.0 = Debug|Any CPU
		{AF4216D3-CACF-4A17-837D-A67134465F9B}.Release|Any CPU.ActiveCfg = Release|Any CPU
		{AF4216D3-CACF-4A17-837D-A67134465F9B}.Release|Any CPU.Build.0 = Release|Any CPU
		{AF4216D3-CACF-4A17-837D-A67134465F9B}.Release|x64.ActiveCfg = Release|Any CPU
		{AF4216D3-CACF-4A17-837D-A67134465F9B}.Release|x64.Build.0 = Release|Any CPU
		{AF4216D3-CACF-4A17-837D-A67134465F9B}.Release|x86.ActiveCfg = Release|Any CPU
		{AF4216D3-CACF-4A17-837D-A67134465F9B}.Release|x86.Build.0 = Release|Any CPU
		{F319A8EB-D421-4C08-BECA-155F4DCAC1A2}.Debug|Any CPU.ActiveCfg = Debug|Any CPU
		{F319A8EB-D421-4C08-BECA-155F4DCAC1A2}.Debug|Any CPU.Build.0 = Debug|Any CPU
		{F319A8EB-D421-4C08-BECA-155F4DCAC1A2}.Debug|x64.ActiveCfg = Debug|Any CPU
		{F319A8EB-D421-4C08-BECA-155F4DCAC1A2}.Debug|x64.Build.0 = Debug|Any CPU
		{F319A8EB-D421-4C08-BECA-155F4DCAC1A2}.Debug|x86.ActiveCfg = Debug|Any CPU
		{F319A8EB-D421-4C08-BECA-155F4DCAC1A2}.Debug|x86.Build.0 = Debug|Any CPU
		{F319A8EB-D421-4C08-BECA-155F4DCAC1A2}.Release|Any CPU.ActiveCfg = Release|Any CPU
		{F319A8EB-D421-4C08-BECA-155F4DCAC1A2}.Release|Any CPU.Build.0 = Release|Any CPU
		{F319A8EB-D421-4C08-BECA-155F4DCAC1A2}.Release|x64.ActiveCfg = Release|Any CPU
		{F319A8EB-D421-4C08-BECA-155F4DCAC1A2}.Release|x64.Build.0 = Release|Any CPU
		{F319A8EB-D421-4C08-BECA-155F4DCAC1A2}.Release|x86.ActiveCfg = Release|Any CPU
		{F319A8EB-D421-4C08-BECA-155F4DCAC1A2}.Release|x86.Build.0 = Release|Any CPU
		{C99828C4-B892-487D-99BC-6D3B6DB48A10}.Debug|Any CPU.ActiveCfg = Debug|Any CPU
		{C99828C4-B892-487D-99BC-6D3B6DB48A10}.Debug|Any CPU.Build.0 = Debug|Any CPU
		{C99828C4-B892-487D-99BC-6D3B6DB48A10}.Debug|x64.ActiveCfg = Debug|Any CPU
		{C99828C4-B892-487D-99BC-6D3B6DB48A10}.Debug|x64.Build.0 = Debug|Any CPU
		{C99828C4-B892-487D-99BC-6D3B6DB48A10}.Debug|x86.ActiveCfg = Debug|Any CPU
		{C99828C4-B892-487D-99BC-6D3B6DB48A10}.Debug|x86.Build.0 = Debug|Any CPU
		{C99828C4-B892-487D-99BC-6D3B6DB48A10}.Release|Any CPU.ActiveCfg = Release|Any CPU
		{C99828C4-B892-487D-99BC-6D3B6DB48A10}.Release|Any CPU.Build.0 = Release|Any CPU
		{C99828C4-B892-487D-99BC-6D3B6DB48A10}.Release|x64.ActiveCfg = Release|Any CPU
		{C99828C4-B892-487D-99BC-6D3B6DB48A10}.Release|x64.Build.0 = Release|Any CPU
		{C99828C4-B892-487D-99BC-6D3B6DB48A10}.Release|x86.ActiveCfg = Release|Any CPU
		{C99828C4-B892-487D-99BC-6D3B6DB48A10}.Release|x86.Build.0 = Release|Any CPU
		{E6D1C1B1-C1A1-4B4B-9B9B-8B8B7B7B6B6B}.Debug|Any CPU.ActiveCfg = Debug|Any CPU
		{E6D1C1B1-C1A1-4B4B-9B9B-8B8B7B7B6B6B}.Debug|Any CPU.Build.0 = Debug|Any CPU
		{E6D1C1B1-C1A1-4B4B-9B9B-8B8B7B7B6B6B}.Debug|x64.ActiveCfg = Debug|Any CPU
		{E6D1C1B1-C1A1-4B4B-9B9B-8B8B7B7B6B6B}.Debug|x64.Build.0 = Debug|Any CPU
		{E6D1C1B1-C1A1-4B4B-9B9B-8B8B7B7B6B6B}.Debug|x86.ActiveCfg = Debug|Any CPU
		{E6D1C1B1-C1A1-4B4B-9B9B-8B8B7B7B6B6B}.Debug|x86.Build.0 = Debug|Any CPU
		{E6D1C1B1-C1A1-4B4B-9B9B-8B8B7B7B6B6B}.Release|Any CPU.ActiveCfg = Release|Any CPU
		{E6D1C1B1-C1A1-4B4B-9B9B-8B8B7B7B6B6B}.Release|Any CPU.Build.0 = Release|Any CPU
		{E6D1C1B1-C1A1-4B4B-9B9B-8B8B7B7B6B6B}.Release|x64.ActiveCfg = Release|Any CPU
		{E6D1C1B1-C1A1-4B4B-9B9B-8B8B7B7B6B6B}.Release|x64.Build.0 = Release|Any CPU
		{E6D1C1B1-C1A1-4B4B-9B9B-8B8B7B7B6B6B}.Release|x86.ActiveCfg = Release|Any CPU
		{E6D1C1B1-C1A1-4B4B-9B9B-8B8B7B7B6B6B}.Release|x86.Build.0 = Release|Any CPU
		{89E2F1FA-3518-4A05-81A5-F65526FC6621}.Debug|Any CPU.ActiveCfg = Debug|Any CPU
		{89E2F1FA-3518-4A05-81A5-F65526FC6621}.Debug|Any CPU.Build.0 = Debug|Any CPU
		{89E2F1FA-3518-4A05-81A5-F65526FC6621}.Debug|x64.ActiveCfg = Debug|Any CPU
		{89E2F1FA-3518-4A05-81A5-F65526FC6621}.Debug|x64.Build.0 = Debug|Any CPU
		{89E2F1FA-3518-4A05-81A5-F65526FC6621}.Debug|x86.ActiveCfg = Debug|Any CPU
		{89E2F1FA-3518-4A05-81A5-F65526FC6621}.Debug|x86.Build.0 = Debug|Any CPU
		{89E2F1FA-3518-4A05-81A5-F65526FC6621}.Release|Any CPU.ActiveCfg = Release|Any CPU
		{89E2F1FA-3518-4A05-81A5-F65526FC6621}.Release|Any CPU.Build.0 = Release|Any CPU
		{89E2F1FA-3518-4A05-81A5-F65526FC6621}.Release|x64.ActiveCfg = Release|Any CPU
		{89E2F1FA-3518-4A05-81A5-F65526FC6621}.Release|x64.Build.0 = Release|Any CPU
		{89E2F1FA-3518-4A05-81A5-F65526FC6621}.Release|x86.ActiveCfg = Release|Any CPU
		{89E2F1FA-3518-4A05-81A5-F65526FC6621}.Release|x86.Build.0 = Release|Any CPU
		{DC5AB2CF-F434-4D63-AE6D-89B789D32A0D}.Debug|Any CPU.ActiveCfg = Debug|Any CPU
		{DC5AB2CF-F434-4D63-AE6D-89B789D32A0D}.Debug|Any CPU.Build.0 = Debug|Any CPU
		{DC5AB2CF-F434-4D63-AE6D-89B789D32A0D}.Debug|x64.ActiveCfg = Debug|Any CPU
		{DC5AB2CF-F434-4D63-AE6D-89B789D32A0D}.Debug|x64.Build.0 = Debug|Any CPU
		{DC5AB2CF-F434-4D63-AE6D-89B789D32A0D}.Debug|x86.ActiveCfg = Debug|Any CPU
		{DC5AB2CF-F434-4D63-AE6D-89B789D32A0D}.Debug|x86.Build.0 = Debug|Any CPU
		{DC5AB2CF-F434-4D63-AE6D-89B789D32A0D}.Release|Any CPU.ActiveCfg = Release|Any CPU
		{DC5AB2CF-F434-4D63-AE6D-89B789D32A0D}.Release|Any CPU.Build.0 = Release|Any CPU
		{DC5AB2CF-F434-4D63-AE6D-89B789D32A0D}.Release|x64.ActiveCfg = Release|Any CPU
		{DC5AB2CF-F434-4D63-AE6D-89B789D32A0D}.Release|x64.Build.0 = Release|Any CPU
		{DC5AB2CF-F434-4D63-AE6D-89B789D32A0D}.Release|x86.ActiveCfg = Release|Any CPU
		{DC5AB2CF-F434-4D63-AE6D-89B789D32A0D}.Release|x86.Build.0 = Release|Any CPU
		{2032EE47-0FEE-4FA6-8E38-249800F81416}.Debug|Any CPU.ActiveCfg = Debug|Any CPU
		{2032EE47-0FEE-4FA6-8E38-249800F81416}.Debug|Any CPU.Build.0 = Debug|Any CPU
		{2032EE47-0FEE-4FA6-8E38-249800F81416}.Debug|x64.ActiveCfg = Debug|Any CPU
		{2032EE47-0FEE-4FA6-8E38-249800F81416}.Debug|x64.Build.0 = Debug|Any CPU
		{2032EE47-0FEE-4FA6-8E38-249800F81416}.Debug|x86.ActiveCfg = Debug|Any CPU
		{2032EE47-0FEE-4FA6-8E38-249800F81416}.Debug|x86.Build.0 = Debug|Any CPU
		{2032EE47-0FEE-4FA6-8E38-249800F81416}.Release|Any CPU.ActiveCfg = Release|Any CPU
		{2032EE47-0FEE-4FA6-8E38-249800F81416}.Release|Any CPU.Build.0 = Release|Any CPU
		{2032EE47-0FEE-4FA6-8E38-249800F81416}.Release|x64.ActiveCfg = Release|Any CPU
		{2032EE47-0FEE-4FA6-8E38-249800F81416}.Release|x64.Build.0 = Release|Any CPU
		{2032EE47-0FEE-4FA6-8E38-249800F81416}.Release|x86.ActiveCfg = Release|Any CPU
		{2032EE47-0FEE-4FA6-8E38-249800F81416}.Release|x86.Build.0 = Release|Any CPU
		{6C60E467-641E-4117-9DB6-517BAB396CFD}.Debug|Any CPU.ActiveCfg = Debug|Any CPU
		{6C60E467-641E-4117-9DB6-517BAB396CFD}.Debug|Any CPU.Build.0 = Debug|Any CPU
		{6C60E467-641E-4117-9DB6-517BAB396CFD}.Debug|x64.ActiveCfg = Debug|Any CPU
		{6C60E467-641E-4117-9DB6-517BAB396CFD}.Debug|x64.Build.0 = Debug|Any CPU
		{6C60E467-641E-4117-9DB6-517BAB396CFD}.Debug|x86.ActiveCfg = Debug|Any CPU
		{6C60E467-641E-4117-9DB6-517BAB396CFD}.Debug|x86.Build.0 = Debug|Any CPU
		{6C60E467-641E-4117-9DB6-517BAB396CFD}.Release|Any CPU.ActiveCfg = Release|Any CPU
		{6C60E467-641E-4117-9DB6-517BAB396CFD}.Release|Any CPU.Build.0 = Release|Any CPU
		{6C60E467-641E-4117-9DB6-517BAB396CFD}.Release|x64.ActiveCfg = Release|Any CPU
		{6C60E467-641E-4117-9DB6-517BAB396CFD}.Release|x64.Build.0 = Release|Any CPU
		{6C60E467-641E-4117-9DB6-517BAB396CFD}.Release|x86.ActiveCfg = Release|Any CPU
		{6C60E467-641E-4117-9DB6-517BAB396CFD}.Release|x86.Build.0 = Release|Any CPU
		{4839B25C-DD61-4B80-A170-410D2E8615E1}.Debug|Any CPU.ActiveCfg = Debug|Any CPU
		{4839B25C-DD61-4B80-A170-410D2E8615E1}.Debug|Any CPU.Build.0 = Debug|Any CPU
		{4839B25C-DD61-4B80-A170-410D2E8615E1}.Debug|x64.ActiveCfg = Debug|Any CPU
		{4839B25C-DD61-4B80-A170-410D2E8615E1}.Debug|x64.Build.0 = Debug|Any CPU
		{4839B25C-DD61-4B80-A170-410D2E8615E1}.Debug|x86.ActiveCfg = Debug|Any CPU
		{4839B25C-DD61-4B80-A170-410D2E8615E1}.Debug|x86.Build.0 = Debug|Any CPU
		{4839B25C-DD61-4B80-A170-410D2E8615E1}.Release|Any CPU.ActiveCfg = Release|Any CPU
		{4839B25C-DD61-4B80-A170-410D2E8615E1}.Release|Any CPU.Build.0 = Release|Any CPU
		{4839B25C-DD61-4B80-A170-410D2E8615E1}.Release|x64.ActiveCfg = Release|Any CPU
		{4839B25C-DD61-4B80-A170-410D2E8615E1}.Release|x64.Build.0 = Release|Any CPU
		{4839B25C-DD61-4B80-A170-410D2E8615E1}.Release|x86.ActiveCfg = Release|Any CPU
		{4839B25C-DD61-4B80-A170-410D2E8615E1}.Release|x86.Build.0 = Release|Any CPU
		{B21CA97E-2FE8-4960-A6F1-A6B26C158322}.Debug|Any CPU.ActiveCfg = Debug|Any CPU
		{B21CA97E-2FE8-4960-A6F1-A6B26C158322}.Debug|Any CPU.Build.0 = Debug|Any CPU
		{B21CA97E-2FE8-4960-A6F1-A6B26C158322}.Debug|x64.ActiveCfg = Debug|Any CPU
		{B21CA97E-2FE8-4960-A6F1-A6B26C158322}.Debug|x64.Build.0 = Debug|Any CPU
		{B21CA97E-2FE8-4960-A6F1-A6B26C158322}.Debug|x86.ActiveCfg = Debug|Any CPU
		{B21CA97E-2FE8-4960-A6F1-A6B26C158322}.Debug|x86.Build.0 = Debug|Any CPU
		{B21CA97E-2FE8-4960-A6F1-A6B26C158322}.Release|Any CPU.ActiveCfg = Release|Any CPU
		{B21CA97E-2FE8-4960-A6F1-A6B26C158322}.Release|Any CPU.Build.0 = Release|Any CPU
		{B21CA97E-2FE8-4960-A6F1-A6B26C158322}.Release|x64.ActiveCfg = Release|Any CPU
		{B21CA97E-2FE8-4960-A6F1-A6B26C158322}.Release|x64.Build.0 = Release|Any CPU
		{B21CA97E-2FE8-4960-A6F1-A6B26C158322}.Release|x86.ActiveCfg = Release|Any CPU
		{B21CA97E-2FE8-4960-A6F1-A6B26C158322}.Release|x86.Build.0 = Release|Any CPU
	EndGlobalSection
	GlobalSection(SolutionProperties) = preSolution
		HideSolutionNode = FALSE
	EndGlobalSection
	GlobalSection(NestedProjects) = preSolution
		{B21CA97E-2FE8-4960-A6F1-A6B26C158322} = {5D20AA90-6969-D8BD-9DCD-8634F4692FDA}
	EndGlobalSection
EndGlobal
